
Microsoft Visual Studio Solution File, Format Version 12.00
# Visual Studio 15
VisualStudioVersion = 15.0.27428.2015
MinimumVisualStudioVersion = 10.0.40219.1
Project("{9A19103F-16F7-4668-BE54-9A1E7A4F7556}") = "World", "src\World\World.csproj", "{AA43BE87-BF99-48B4-9D96-DCE25D73109C}"
EndProject
Project("{2150E333-8FDC-42A3-9474-1A3956D46DE8}") = "plugins", "plugins", "{7A7E9A02-CEFC-4E77-A495-70804348CA47}"
EndProject
Project("{9A19103F-16F7-4668-BE54-9A1E7A4F7556}") = "Login", "src\Login\Login.csproj", "{1D5A4507-4811-49CB-A4E5-26019FDD1051}"
EndProject
Project("{9A19103F-16F7-4668-BE54-9A1E7A4F7556}") = "SaltyEmu.BasicPlugin", "src\Plugins\NosSharp.TemporaryMapPlugins\SaltyEmu.BasicPlugin.csproj", "{99CBBDD6-A465-494F-9CA4-FD6091D23DD8}"
EndProject
Project("{9A19103F-16F7-4668-BE54-9A1E7A4F7556}") = "SaltyEmu.RedisWrappers", "src\Plugins\NosSharp.RedisSessionPlugin\SaltyEmu.RedisWrappers.csproj", "{B94CD465-ACF2-419C-B1F5-294DFADF8D2E}"
EndProject
Project("{9A19103F-16F7-4668-BE54-9A1E7A4F7556}") = "SaltyEmu.BasicPacketHandlerPlugin", "src\Plugins\NosSharp.PacketHandler\SaltyEmu.BasicPacketHandlerPlugin.csproj", "{C18EC263-D92D-4DB6-9D8C-02A6945FF5B5}"
EndProject
Project("{9A19103F-16F7-4668-BE54-9A1E7A4F7556}") = "SaltyEmu.DatabasePlugin", "src\Plugins\NosSharp.DatabasePlugin\SaltyEmu.DatabasePlugin.csproj", "{45E04475-DFC4-400A-9D35-44BAF5180ACD}"
EndProject
Project("{9A19103F-16F7-4668-BE54-9A1E7A4F7556}") = "SaltyEmu.BasicAlgorithmPlugin", "src\Plugins\NosSharp.BasicAlgorithm\SaltyEmu.BasicAlgorithmPlugin.csproj", "{28B389E6-9863-4306-B32E-756A2C6D9E99}"
EndProject
Project("{9A19103F-16F7-4668-BE54-9A1E7A4F7556}") = "ChickenAPI.Game", "src\ChickenAPI.Game\ChickenAPI.Game.csproj", "{34BBD274-3133-4894-8776-783731D126BC}"
EndProject
Project("{9A19103F-16F7-4668-BE54-9A1E7A4F7556}") = "ChickenAPI.Core", "src\ChickenAPI.Core\ChickenAPI.Core.csproj", "{3DC7543A-221A-4491-962C-C1E04A24F69F}"
EndProject
Project("{9A19103F-16F7-4668-BE54-9A1E7A4F7556}") = "ChickenAPI.Packets", "src\ChickenAPI.Packets\ChickenAPI.Packets.csproj", "{C376CC67-DA69-4509-B2CF-D84077157055}"
EndProject
Project("{9A19103F-16F7-4668-BE54-9A1E7A4F7556}") = "ChickenAPI.Enums", "src\ChickenAPI.Enums\ChickenAPI.Enums.csproj", "{2C706520-AA6F-45FA-910F-DCDD42C52192}"
EndProject
Project("{9A19103F-16F7-4668-BE54-9A1E7A4F7556}") = "Toolkit", "src\Toolkit\Toolkit.csproj", "{5F14B226-7842-4F6E-BE2E-1CC01C530F3B}"
EndProject
Project("{9A19103F-16F7-4668-BE54-9A1E7A4F7556}") = "SaltyEmu.PathfinderPlugin", "src\Plugins\NosSharp.Pathfinder\SaltyEmu.PathfinderPlugin.csproj", "{48D59236-CC25-497E-A98D-DAB290E4A8B7}"
EndProject
Project("{2150E333-8FDC-42A3-9474-1A3956D46DE8}") = "tests", "tests", "{4E7156D8-18DC-4638-9C9B-5BE5CFF76F13}"
EndProject
Project("{2150E333-8FDC-42A3-9474-1A3956D46DE8}") = "PoCs", "PoCs", "{5FA5C728-C8F4-4931-B5B4-9B12CE0D938F}"
EndProject
Project("{9A19103F-16F7-4668-BE54-9A1E7A4F7556}") = "SaltyPoc.IPC", "src\SaltyPoc.IPC\SaltyPoc.IPC.csproj", "{414D415C-9A45-4B79-8BC4-7F3405EEA500}"
EndProject
Project("{9A19103F-16F7-4668-BE54-9A1E7A4F7556}") = "SaltyEmu.IpcPlugin", "src\SaltyEmu.IpcPlugin\SaltyEmu.IpcPlugin.csproj", "{AA0972AB-A59A-4EB7-AF5A-B31F61D25644}"
EndProject
Project("{9A19103F-16F7-4668-BE54-9A1E7A4F7556}") = "ChickenAPI.Data", "src\ChickenAPI.Data\ChickenAPI.Data.csproj", "{548F9115-2EF6-4B73-B224-5CEB8D7F4276}"
EndProject
Project("{9A19103F-16F7-4668-BE54-9A1E7A4F7556}") = "ChickenAPI.Game.Test", "test\ChickenAPI.Game.Test\ChickenAPI.Game.Test.csproj", "{0C47ED85-6577-4338-9976-8A2B00016609}"
EndProject
Project("{2150E333-8FDC-42A3-9474-1A3956D46DE8}") = "Services", "Services", "{7A642CDF-7BF0-4D43-B5CB-430FC64A32D1}"
EndProject
Project("{FAE04EC0-301F-11D3-BF4B-00C04F79EFBC}") = "SaltyEmu.FamilyService", "src\services\SaltyEmu.FamilyService\SaltyEmu.FamilyService.csproj", "{61CDB363-EC3A-47AA-A5CA-ABB4BCE2CC85}"
EndProject
Project("{FAE04EC0-301F-11D3-BF4B-00C04F79EFBC}") = "SaltyEmu.FamilyPlugin", "src\Plugins\SaltyEmu.FamilyPlugin\SaltyEmu.FamilyPlugin.csproj", "{A0DBCE58-3322-4539-BEAF-D9B577CBF3CF}"
EndProject
Global
	GlobalSection(SolutionConfigurationPlatforms) = preSolution
		Debug|Any CPU = Debug|Any CPU
		Release|Any CPU = Release|Any CPU
	EndGlobalSection
	GlobalSection(ProjectConfigurationPlatforms) = postSolution
		{AA43BE87-BF99-48B4-9D96-DCE25D73109C}.Debug|Any CPU.ActiveCfg = Debug|Any CPU
		{AA43BE87-BF99-48B4-9D96-DCE25D73109C}.Debug|Any CPU.Build.0 = Debug|Any CPU
		{AA43BE87-BF99-48B4-9D96-DCE25D73109C}.Release|Any CPU.ActiveCfg = Release|Any CPU
		{AA43BE87-BF99-48B4-9D96-DCE25D73109C}.Release|Any CPU.Build.0 = Release|Any CPU
		{1D5A4507-4811-49CB-A4E5-26019FDD1051}.Debug|Any CPU.ActiveCfg = Debug|Any CPU
		{1D5A4507-4811-49CB-A4E5-26019FDD1051}.Debug|Any CPU.Build.0 = Debug|Any CPU
		{1D5A4507-4811-49CB-A4E5-26019FDD1051}.Release|Any CPU.ActiveCfg = Release|Any CPU
		{1D5A4507-4811-49CB-A4E5-26019FDD1051}.Release|Any CPU.Build.0 = Release|Any CPU
		{99CBBDD6-A465-494F-9CA4-FD6091D23DD8}.Debug|Any CPU.ActiveCfg = Debug|Any CPU
		{99CBBDD6-A465-494F-9CA4-FD6091D23DD8}.Debug|Any CPU.Build.0 = Debug|Any CPU
		{99CBBDD6-A465-494F-9CA4-FD6091D23DD8}.Release|Any CPU.ActiveCfg = Release|Any CPU
		{99CBBDD6-A465-494F-9CA4-FD6091D23DD8}.Release|Any CPU.Build.0 = Release|Any CPU
		{B94CD465-ACF2-419C-B1F5-294DFADF8D2E}.Debug|Any CPU.ActiveCfg = Debug|Any CPU
		{B94CD465-ACF2-419C-B1F5-294DFADF8D2E}.Debug|Any CPU.Build.0 = Debug|Any CPU
		{B94CD465-ACF2-419C-B1F5-294DFADF8D2E}.Release|Any CPU.ActiveCfg = Release|Any CPU
		{B94CD465-ACF2-419C-B1F5-294DFADF8D2E}.Release|Any CPU.Build.0 = Release|Any CPU
		{C18EC263-D92D-4DB6-9D8C-02A6945FF5B5}.Debug|Any CPU.ActiveCfg = Debug|Any CPU
		{C18EC263-D92D-4DB6-9D8C-02A6945FF5B5}.Debug|Any CPU.Build.0 = Debug|Any CPU
		{C18EC263-D92D-4DB6-9D8C-02A6945FF5B5}.Release|Any CPU.ActiveCfg = Release|Any CPU
		{C18EC263-D92D-4DB6-9D8C-02A6945FF5B5}.Release|Any CPU.Build.0 = Release|Any CPU
		{45E04475-DFC4-400A-9D35-44BAF5180ACD}.Debug|Any CPU.ActiveCfg = Debug|Any CPU
		{45E04475-DFC4-400A-9D35-44BAF5180ACD}.Debug|Any CPU.Build.0 = Debug|Any CPU
		{45E04475-DFC4-400A-9D35-44BAF5180ACD}.Release|Any CPU.ActiveCfg = Release|Any CPU
		{45E04475-DFC4-400A-9D35-44BAF5180ACD}.Release|Any CPU.Build.0 = Release|Any CPU
		{28B389E6-9863-4306-B32E-756A2C6D9E99}.Debug|Any CPU.ActiveCfg = Debug|Any CPU
		{28B389E6-9863-4306-B32E-756A2C6D9E99}.Debug|Any CPU.Build.0 = Debug|Any CPU
		{28B389E6-9863-4306-B32E-756A2C6D9E99}.Release|Any CPU.ActiveCfg = Release|Any CPU
		{28B389E6-9863-4306-B32E-756A2C6D9E99}.Release|Any CPU.Build.0 = Release|Any CPU
		{34BBD274-3133-4894-8776-783731D126BC}.Debug|Any CPU.ActiveCfg = Debug|Any CPU
		{34BBD274-3133-4894-8776-783731D126BC}.Debug|Any CPU.Build.0 = Debug|Any CPU
		{34BBD274-3133-4894-8776-783731D126BC}.Release|Any CPU.ActiveCfg = Release|Any CPU
		{34BBD274-3133-4894-8776-783731D126BC}.Release|Any CPU.Build.0 = Release|Any CPU
		{3DC7543A-221A-4491-962C-C1E04A24F69F}.Debug|Any CPU.ActiveCfg = Debug|Any CPU
		{3DC7543A-221A-4491-962C-C1E04A24F69F}.Debug|Any CPU.Build.0 = Debug|Any CPU
		{3DC7543A-221A-4491-962C-C1E04A24F69F}.Release|Any CPU.ActiveCfg = Release|Any CPU
		{3DC7543A-221A-4491-962C-C1E04A24F69F}.Release|Any CPU.Build.0 = Release|Any CPU
		{C376CC67-DA69-4509-B2CF-D84077157055}.Debug|Any CPU.ActiveCfg = Debug|Any CPU
		{C376CC67-DA69-4509-B2CF-D84077157055}.Debug|Any CPU.Build.0 = Debug|Any CPU
		{C376CC67-DA69-4509-B2CF-D84077157055}.Release|Any CPU.ActiveCfg = Release|Any CPU
		{C376CC67-DA69-4509-B2CF-D84077157055}.Release|Any CPU.Build.0 = Release|Any CPU
		{2C706520-AA6F-45FA-910F-DCDD42C52192}.Debug|Any CPU.ActiveCfg = Debug|Any CPU
		{2C706520-AA6F-45FA-910F-DCDD42C52192}.Debug|Any CPU.Build.0 = Debug|Any CPU
		{2C706520-AA6F-45FA-910F-DCDD42C52192}.Release|Any CPU.ActiveCfg = Release|Any CPU
		{2C706520-AA6F-45FA-910F-DCDD42C52192}.Release|Any CPU.Build.0 = Release|Any CPU
		{5F14B226-7842-4F6E-BE2E-1CC01C530F3B}.Debug|Any CPU.ActiveCfg = Debug|Any CPU
		{5F14B226-7842-4F6E-BE2E-1CC01C530F3B}.Debug|Any CPU.Build.0 = Debug|Any CPU
		{5F14B226-7842-4F6E-BE2E-1CC01C530F3B}.Release|Any CPU.ActiveCfg = Release|Any CPU
		{5F14B226-7842-4F6E-BE2E-1CC01C530F3B}.Release|Any CPU.Build.0 = Release|Any CPU
		{48D59236-CC25-497E-A98D-DAB290E4A8B7}.Debug|Any CPU.ActiveCfg = Debug|Any CPU
		{48D59236-CC25-497E-A98D-DAB290E4A8B7}.Debug|Any CPU.Build.0 = Debug|Any CPU
		{48D59236-CC25-497E-A98D-DAB290E4A8B7}.Release|Any CPU.ActiveCfg = Release|Any CPU
		{48D59236-CC25-497E-A98D-DAB290E4A8B7}.Release|Any CPU.Build.0 = Release|Any CPU
		{414D415C-9A45-4B79-8BC4-7F3405EEA500}.Debug|Any CPU.ActiveCfg = Debug|Any CPU
		{414D415C-9A45-4B79-8BC4-7F3405EEA500}.Debug|Any CPU.Build.0 = Debug|Any CPU
		{414D415C-9A45-4B79-8BC4-7F3405EEA500}.Release|Any CPU.ActiveCfg = Release|Any CPU
		{414D415C-9A45-4B79-8BC4-7F3405EEA500}.Release|Any CPU.Build.0 = Release|Any CPU
		{AA0972AB-A59A-4EB7-AF5A-B31F61D25644}.Debug|Any CPU.ActiveCfg = Debug|Any CPU
		{AA0972AB-A59A-4EB7-AF5A-B31F61D25644}.Debug|Any CPU.Build.0 = Debug|Any CPU
		{AA0972AB-A59A-4EB7-AF5A-B31F61D25644}.Release|Any CPU.ActiveCfg = Release|Any CPU
		{AA0972AB-A59A-4EB7-AF5A-B31F61D25644}.Release|Any CPU.Build.0 = Release|Any CPU
		{548F9115-2EF6-4B73-B224-5CEB8D7F4276}.Debug|Any CPU.ActiveCfg = Debug|Any CPU
		{548F9115-2EF6-4B73-B224-5CEB8D7F4276}.Debug|Any CPU.Build.0 = Debug|Any CPU
		{548F9115-2EF6-4B73-B224-5CEB8D7F4276}.Release|Any CPU.ActiveCfg = Release|Any CPU
		{548F9115-2EF6-4B73-B224-5CEB8D7F4276}.Release|Any CPU.Build.0 = Release|Any CPU
		{0C47ED85-6577-4338-9976-8A2B00016609}.Debug|Any CPU.ActiveCfg = Debug|Any CPU
		{0C47ED85-6577-4338-9976-8A2B00016609}.Debug|Any CPU.Build.0 = Debug|Any CPU
		{0C47ED85-6577-4338-9976-8A2B00016609}.Release|Any CPU.ActiveCfg = Release|Any CPU
		{0C47ED85-6577-4338-9976-8A2B00016609}.Release|Any CPU.Build.0 = Release|Any CPU
		{61CDB363-EC3A-47AA-A5CA-ABB4BCE2CC85}.Debug|Any CPU.ActiveCfg = Debug|Any CPU
		{61CDB363-EC3A-47AA-A5CA-ABB4BCE2CC85}.Debug|Any CPU.Build.0 = Debug|Any CPU
		{61CDB363-EC3A-47AA-A5CA-ABB4BCE2CC85}.Release|Any CPU.ActiveCfg = Release|Any CPU
		{61CDB363-EC3A-47AA-A5CA-ABB4BCE2CC85}.Release|Any CPU.Build.0 = Release|Any CPU
		{A0DBCE58-3322-4539-BEAF-D9B577CBF3CF}.Debug|Any CPU.ActiveCfg = Debug|Any CPU
		{A0DBCE58-3322-4539-BEAF-D9B577CBF3CF}.Debug|Any CPU.Build.0 = Debug|Any CPU
		{A0DBCE58-3322-4539-BEAF-D9B577CBF3CF}.Release|Any CPU.ActiveCfg = Release|Any CPU
		{A0DBCE58-3322-4539-BEAF-D9B577CBF3CF}.Release|Any CPU.Build.0 = Release|Any CPU
	EndGlobalSection
	GlobalSection(SolutionProperties) = preSolution
		HideSolutionNode = FALSE
	EndGlobalSection
	GlobalSection(NestedProjects) = preSolution
		{99CBBDD6-A465-494F-9CA4-FD6091D23DD8} = {7A7E9A02-CEFC-4E77-A495-70804348CA47}
		{B94CD465-ACF2-419C-B1F5-294DFADF8D2E} = {7A7E9A02-CEFC-4E77-A495-70804348CA47}
		{C18EC263-D92D-4DB6-9D8C-02A6945FF5B5} = {7A7E9A02-CEFC-4E77-A495-70804348CA47}
		{45E04475-DFC4-400A-9D35-44BAF5180ACD} = {7A7E9A02-CEFC-4E77-A495-70804348CA47}
		{28B389E6-9863-4306-B32E-756A2C6D9E99} = {7A7E9A02-CEFC-4E77-A495-70804348CA47}
		{48D59236-CC25-497E-A98D-DAB290E4A8B7} = {7A7E9A02-CEFC-4E77-A495-70804348CA47}
		{414D415C-9A45-4B79-8BC4-7F3405EEA500} = {5FA5C728-C8F4-4931-B5B4-9B12CE0D938F}
		{AA0972AB-A59A-4EB7-AF5A-B31F61D25644} = {7A7E9A02-CEFC-4E77-A495-70804348CA47}
		{0C47ED85-6577-4338-9976-8A2B00016609} = {4E7156D8-18DC-4638-9C9B-5BE5CFF76F13}
		{61CDB363-EC3A-47AA-A5CA-ABB4BCE2CC85} = {7A642CDF-7BF0-4D43-B5CB-430FC64A32D1}
		{A0DBCE58-3322-4539-BEAF-D9B577CBF3CF} = {7A7E9A02-CEFC-4E77-A495-70804348CA47}
	EndGlobalSection
	GlobalSection(ExtensibilityGlobals) = postSolution
		SolutionGuid = {33B1EC1B-965D-4770-B047-390647E82322}
	EndGlobalSection
EndGlobal
